
Microsoft Visual Studio Solution File, Format Version 12.00
# Visual Studio Version 16
VisualStudioVersion = 16.0.30114.105
MinimumVisualStudioVersion = 10.0.40219.1
Project("{FAE04EC0-301F-11D3-BF4B-00C04F79EFBC}") = "EFCoreHandlingMigrations", "src\EFCoreHandlingMigrations.csproj", "{76EF1EC5-437A-4F9F-B91C-9338BF84A5A6}"
EndProject
Project("{FAE04EC0-301F-11D3-BF4B-00C04F79EFBC}") = "Tests", "tests\Tests.csproj", "{62AB74A3-EC3A-4001-BE69-1ECF43C4D7BC}"
EndProject
Global
	GlobalSection(SolutionConfigurationPlatforms) = preSolution
		Debug|Any CPU = Debug|Any CPU
		Debug|x64 = Debug|x64
		Debug|x86 = Debug|x86
		Release|Any CPU = Release|Any CPU
		Release|x64 = Release|x64
		Release|x86 = Release|x86
	EndGlobalSection
	GlobalSection(SolutionProperties) = preSolution
		HideSolutionNode = FALSE
	EndGlobalSection
	GlobalSection(ProjectConfigurationPlatforms) = postSolution
		{76EF1EC5-437A-4F9F-B91C-9338BF84A5A6}.Debug|Any CPU.ActiveCfg = Debug|Any CPU
		{76EF1EC5-437A-4F9F-B91C-9338BF84A5A6}.Debug|Any CPU.Build.0 = Debug|Any CPU
		{76EF1EC5-437A-4F9F-B91C-9338BF84A5A6}.Debug|x64.ActiveCfg = Debug|Any CPU
		{76EF1EC5-437A-4F9F-B91C-9338BF84A5A6}.Debug|x64.Build.0 = Debug|Any CPU
		{76EF1EC5-437A-4F9F-B91C-9338BF84A5A6}.Debug|x86.ActiveCfg = Debug|Any CPU
		{76EF1EC5-437A-4F9F-B91C-9338BF84A5A6}.Debug|x86.Build.0 = Debug|Any CPU
		{76EF1EC5-437A-4F9F-B91C-9338BF84A5A6}.Release|Any CPU.ActiveCfg = Release|Any CPU
		{76EF1EC5-437A-4F9F-B91C-9338BF84A5A6}.Release|Any CPU.Build.0 = Release|Any CPU
		{76EF1EC5-437A-4F9F-B91C-9338BF84A5A6}.Release|x64.ActiveCfg = Release|Any CPU
		{76EF1EC5-437A-4F9F-B91C-9338BF84A5A6}.Release|x64.Build.0 = Release|Any CPU
		{76EF1EC5-437A-4F9F-B91C-9338BF84A5A6}.Release|x86.ActiveCfg = Release|Any CPU
		{76EF1EC5-437A-4F9F-B91C-9338BF84A5A6}.Release|x86.Build.0 = Release|Any CPU
		{62AB74A3-EC3A-4001-BE69-1ECF43C4D7BC}.Debug|Any CPU.ActiveCfg = Debug|Any CPU
		{62AB74A3-EC3A-4001-BE69-1ECF43C4D7BC}.Debug|Any CPU.Build.0 = Debug|Any CPU
		{62AB74A3-EC3A-4001-BE69-1ECF43C4D7BC}.Debug|x64.ActiveCfg = Debug|Any CPU
		{62AB74A3-EC3A-4001-BE69-1ECF43C4D7BC}.Debug|x64.Build.0 = Debug|Any CPU
		{62AB74A3-EC3A-4001-BE69-1ECF43C4D7BC}.Debug|x86.ActiveCfg = Debug|Any CPU
		{62AB74A3-EC3A-4001-BE69-1ECF43C4D7BC}.Debug|x86.Build.0 = Debug|Any CPU
		{62AB74A3-EC3A-4001-BE69-1ECF43C4D7BC}.Release|Any CPU.ActiveCfg = Release|Any CPU
		{62AB74A3-EC3A-4001-BE69-1ECF43C4D7BC}.Release|Any CPU.Build.0 = Release|Any CPU
		{62AB74A3-EC3A-4001-BE69-1ECF43C4D7BC}.Release|x64.ActiveCfg = Release|Any CPU
		{62AB74A3-EC3A-4001-BE69-1ECF43C4D7BC}.Release|x64.Build.0 = Release|Any CPU
		{62AB74A3-EC3A-4001-BE69-1ECF43C4D7BC}.Release|x86.ActiveCfg = Release|Any CPU
		{62AB74A3-EC3A-4001-BE69-1ECF43C4D7BC}.Release|x86.Build.0 = Release|Any CPU
	EndGlobalSection
EndGlobal
